
Microsoft Visual Studio Solution File, Format Version 12.00
# Visual Studio Version 17
VisualStudioVersion = 17.4.33213.308
MinimumVisualStudioVersion = 10.0.40219.1
Project("{FAE04EC0-301F-11D3-BF4B-00C04F79EFBC}") = "April_18_24", "April_18_24.csproj", "{B0B5BD4E-BDDA-4F93-B5EE-DBE9CD8084E0}"
EndProject
Global
	GlobalSection(SolutionConfigurationPlatforms) = preSolution
		Debug|Any CPU = Debug|Any CPU
		Release|Any CPU = Release|Any CPU
	EndGlobalSection
	GlobalSection(ProjectConfigurationPlatforms) = postSolution
		{B0B5BD4E-BDDA-4F93-B5EE-DBE9CD8084E0}.Debug|Any CPU.ActiveCfg = Debug|Any CPU
		{B0B5BD4E-BDDA-4F93-B5EE-DBE9CD8084E0}.Debug|Any CPU.Build.0 = Debug|Any CPU
		{B0B5BD4E-BDDA-4F93-B5EE-DBE9CD8084E0}.Release|Any CPU.ActiveCfg = Release|Any CPU
		{B0B5BD4E-BDDA-4F93-B5EE-DBE9CD8084E0}.Release|Any CPU.Build.0 = Release|Any CPU
	EndGlobalSection
	GlobalSection(SolutionProperties) = preSolution
		HideSolutionNode = FALSE
	EndGlobalSection
	GlobalSection(ExtensibilityGlobals) = postSolution
		SolutionGuid = {AD08904E-D54D-4397-8988-FFFE2F733A4B}
	EndGlobalSection
EndGlobal
